
Microsoft Visual Studio Solution File, Format Version 12.00
# Visual Studio Version 17
VisualStudioVersion = 17.7.34031.279
MinimumVisualStudioVersion = 10.0.40219.1
Project("{8BC9CEB8-8B4A-11D0-8D11-00A0C91BC942}") = "Завдання 6. №10", "Завдання 6. №10\Завдання 6. №10.vcxproj", "{6A855148-936E-4E2D-B265-36EC449F715F}"
EndProject
Global
	GlobalSection(SolutionConfigurationPlatforms) = preSolution
		Debug|x64 = Debug|x64
		Debug|x86 = Debug|x86
		Release|x64 = Release|x64
		Release|x86 = Release|x86
	EndGlobalSection
	GlobalSection(ProjectConfigurationPlatforms) = postSolution
		{6A855148-936E-4E2D-B265-36EC449F715F}.Debug|x64.ActiveCfg = Debug|x64
		{6A855148-936E-4E2D-B265-36EC449F715F}.Debug|x64.Build.0 = Debug|x64
		{6A855148-936E-4E2D-B265-36EC449F715F}.Debug|x86.ActiveCfg = Debug|Win32
		{6A855148-936E-4E2D-B265-36EC449F715F}.Debug|x86.Build.0 = Debug|Win32
		{6A855148-936E-4E2D-B265-36EC449F715F}.Release|x64.ActiveCfg = Release|x64
		{6A855148-936E-4E2D-B265-36EC449F715F}.Release|x64.Build.0 = Release|x64
		{6A855148-936E-4E2D-B265-36EC449F715F}.Release|x86.ActiveCfg = Release|Win32
		{6A855148-936E-4E2D-B265-36EC449F715F}.Release|x86.Build.0 = Release|Win32
	EndGlobalSection
	GlobalSection(SolutionProperties) = preSolution
		HideSolutionNode = FALSE
	EndGlobalSection
	GlobalSection(ExtensibilityGlobals) = postSolution
		SolutionGuid = {41D69658-BC3D-4BA4-A60F-BC27DA8075A5}
	EndGlobalSection
EndGlobal
