
Microsoft Visual Studio Solution File, Format Version 12.00
# Visual Studio Version 17
VisualStudioVersion = 17.6.33829.357
MinimumVisualStudioVersion = 10.0.40219.1
Project("{8BC9CEB8-8B4A-11D0-8D11-00A0C91BC942}") = "Заняття 4. №10", "Заняття 4. №10.vcxproj", "{390ACE89-3A9C-41DA-A4BF-D295A5FE0984}"
EndProject
Global
	GlobalSection(SolutionConfigurationPlatforms) = preSolution
		Debug|x64 = Debug|x64
		Debug|x86 = Debug|x86
		Release|x64 = Release|x64
		Release|x86 = Release|x86
	EndGlobalSection
	GlobalSection(ProjectConfigurationPlatforms) = postSolution
		{390ACE89-3A9C-41DA-A4BF-D295A5FE0984}.Debug|x64.ActiveCfg = Debug|x64
		{390ACE89-3A9C-41DA-A4BF-D295A5FE0984}.Debug|x64.Build.0 = Debug|x64
		{390ACE89-3A9C-41DA-A4BF-D295A5FE0984}.Debug|x86.ActiveCfg = Debug|Win32
		{390ACE89-3A9C-41DA-A4BF-D295A5FE0984}.Debug|x86.Build.0 = Debug|Win32
		{390ACE89-3A9C-41DA-A4BF-D295A5FE0984}.Release|x64.ActiveCfg = Release|x64
		{390ACE89-3A9C-41DA-A4BF-D295A5FE0984}.Release|x64.Build.0 = Release|x64
		{390ACE89-3A9C-41DA-A4BF-D295A5FE0984}.Release|x86.ActiveCfg = Release|Win32
		{390ACE89-3A9C-41DA-A4BF-D295A5FE0984}.Release|x86.Build.0 = Release|Win32
	EndGlobalSection
	GlobalSection(SolutionProperties) = preSolution
		HideSolutionNode = FALSE
	EndGlobalSection
	GlobalSection(ExtensibilityGlobals) = postSolution
		SolutionGuid = {6B00456B-B4AD-47F0-9519-67673FF066C6}
	EndGlobalSection
EndGlobal
